
Microsoft Visual Studio Solution File, Format Version 12.00
# Visual Studio Version 17
VisualStudioVersion = 17.0.31919.166
MinimumVisualStudioVersion = 10.0.40219.1
Project("{9A19103F-16F7-4668-BE54-9A1E7A4F7556}") = "NLayer.Repository", "NLayer.Repository\NLayer.Repository.csproj", "{3193ED85-2DFF-4AFE-9FC2-E783EE9F6A59}"
EndProject
Project("{9A19103F-16F7-4668-BE54-9A1E7A4F7556}") = "NLayer.Service", "NLayer.Service\NLayer.Service.csproj", "{5A1A1D9B-ECB9-4D4B-856B-67AF54CDBB0E}"
EndProject
Project("{9A19103F-16F7-4668-BE54-9A1E7A4F7556}") = "NLayer.API", "NLayer.API\NLayer.API.csproj", "{CD2876A0-B67A-4934-8C9C-AC05376D2EE9}"
EndProject
Project("{9A19103F-16F7-4668-BE54-9A1E7A4F7556}") = "NLayer.Caching", "NLayer.Caching\NLayer.Caching.csproj", "{AE0CC1DD-82C9-4ECF-B423-369D830AE930}"
EndProject
Project("{9A19103F-16F7-4668-BE54-9A1E7A4F7556}") = "NLayer.Core", "NLayerProject.Core\NLayer.Core.csproj", "{251A2538-4C35-4F7B-B62E-D58976131C5A}"
EndProject
Global
	GlobalSection(SolutionConfigurationPlatforms) = preSolution
		Debug|Any CPU = Debug|Any CPU
		Release|Any CPU = Release|Any CPU
	EndGlobalSection
	GlobalSection(ProjectConfigurationPlatforms) = postSolution
		{3193ED85-2DFF-4AFE-9FC2-E783EE9F6A59}.Debug|Any CPU.ActiveCfg = Debug|Any CPU
		{3193ED85-2DFF-4AFE-9FC2-E783EE9F6A59}.Debug|Any CPU.Build.0 = Debug|Any CPU
		{3193ED85-2DFF-4AFE-9FC2-E783EE9F6A59}.Release|Any CPU.ActiveCfg = Release|Any CPU
		{3193ED85-2DFF-4AFE-9FC2-E783EE9F6A59}.Release|Any CPU.Build.0 = Release|Any CPU
		{5A1A1D9B-ECB9-4D4B-856B-67AF54CDBB0E}.Debug|Any CPU.ActiveCfg = Debug|Any CPU
		{5A1A1D9B-ECB9-4D4B-856B-67AF54CDBB0E}.Debug|Any CPU.Build.0 = Debug|Any CPU
		{5A1A1D9B-ECB9-4D4B-856B-67AF54CDBB0E}.Release|Any CPU.ActiveCfg = Release|Any CPU
		{5A1A1D9B-ECB9-4D4B-856B-67AF54CDBB0E}.Release|Any CPU.Build.0 = Release|Any CPU
		{CD2876A0-B67A-4934-8C9C-AC05376D2EE9}.Debug|Any CPU.ActiveCfg = Debug|Any CPU
		{CD2876A0-B67A-4934-8C9C-AC05376D2EE9}.Debug|Any CPU.Build.0 = Debug|Any CPU
		{CD2876A0-B67A-4934-8C9C-AC05376D2EE9}.Release|Any CPU.ActiveCfg = Release|Any CPU
		{CD2876A0-B67A-4934-8C9C-AC05376D2EE9}.Release|Any CPU.Build.0 = Release|Any CPU
		{AE0CC1DD-82C9-4ECF-B423-369D830AE930}.Debug|Any CPU.ActiveCfg = Debug|Any CPU
		{AE0CC1DD-82C9-4ECF-B423-369D830AE930}.Debug|Any CPU.Build.0 = Debug|Any CPU
		{AE0CC1DD-82C9-4ECF-B423-369D830AE930}.Release|Any CPU.ActiveCfg = Release|Any CPU
		{AE0CC1DD-82C9-4ECF-B423-369D830AE930}.Release|Any CPU.Build.0 = Release|Any CPU
		{251A2538-4C35-4F7B-B62E-D58976131C5A}.Debug|Any CPU.ActiveCfg = Debug|Any CPU
		{251A2538-4C35-4F7B-B62E-D58976131C5A}.Debug|Any CPU.Build.0 = Debug|Any CPU
		{251A2538-4C35-4F7B-B62E-D58976131C5A}.Release|Any CPU.ActiveCfg = Release|Any CPU
		{251A2538-4C35-4F7B-B62E-D58976131C5A}.Release|Any CPU.Build.0 = Release|Any CPU
	EndGlobalSection
	GlobalSection(SolutionProperties) = preSolution
		HideSolutionNode = FALSE
	EndGlobalSection
	GlobalSection(ExtensibilityGlobals) = postSolution
		SolutionGuid = {A24F34DF-F197-4387-8F1E-7D0607D89101}
	EndGlobalSection
EndGlobal
